langcode: en
status: true
dependencies:
  module:
    - ctools
    - news_list
    - node
  theme:
    - sseriga
id: newslistblock
theme: sseriga
region: content
weight: 0
provider: null
plugin: news_list_block
settings:
  id: news_list_block
  label: 'News list block'
  provider: news_list
  label_display: '0'
  context_mapping:
    node: '@node.node_route_context:node'
visibility:
  node_type:
    id: node_type
    bundles:
      news_list: news_list
    negate: false
    context_mapping:
      node: '@node.node_route_context:node'
  'entity_bundle:node':
    id: 'entity_bundle:node'
    bundles:
      news_list: news_list
    negate: false
    context_mapping:
      node: '@node.node_route_context:node'
