langcode: en
status: true
dependencies:
  module:
    - content_page
    - ctools
  theme:
    - sseriga
id: bannerblock
theme: sseriga
region: banner
weight: -7
provider: null
plugin: banner_block
settings:
  id: banner_block
  label: 'Banner block'
  provider: content_page
  label_display: '0'
  context_mapping:
    node: '@node.node_route_context:node'
visibility:
  'entity_bundle:node':
    id: 'entity_bundle:node'
    bundles:
      administration: administration
      blog: blog
      blog_list: blog_list
      category_page: category_page
      contacts: contacts
      content_page: content_page
      event: event
      event_list: event_list
      faculty: faculty
      news: news
      news_archive: news_archive
      news_list: news_list
      printed_matter: printed_matter
      research: research
      search_results: search_results
      staff: staff
    negate: false
    context_mapping:
      node: '@node.node_route_context:node'
