langcode: en
status: true
dependencies:
  module:
    - ctools
    - frontpage
  theme:
    - sseriga
id: upcomingeventslatestnewsblock
theme: sseriga
region: content
weight: -8
provider: null
plugin: upcoming_events_latest_news_block
settings:
  id: upcoming_events_latest_news_block
  label: 'Upcoming Events & Latest News block'
  provider: frontpage
  label_display: '0'
  context_mapping:
    node: '@node.node_route_context:node'
visibility:
  'entity_bundle:node':
    id: 'entity_bundle:node'
    bundles:
      frontpage: frontpage
    negate: false
    context_mapping:
      node: '@node.node_route_context:node'
