langcode: en
status: true
dependencies:
  module:
    - ctools
    - widgets
  theme:
    - sseriga
id: widgetsblock
theme: sseriga
region: sidebar
weight: 0
provider: null
plugin: widgets_block
settings:
  id: widgets_block
  label: 'Widgets block'
  provider: widgets
  label_display: '0'
  context_mapping:
    node: '@node.node_route_context:node'
visibility:
  'entity_bundle:node':
    id: 'entity_bundle:node'
    bundles:
      administration: administration
      blog: blog
      contacts: contacts
      content_page: content_page
      event: event
      event_list: event_list
      faculty: faculty
      news: news
      news_archive: news_archive
      news_list: news_list
      printed_matter: printed_matter
      research: research
      search_results: search_results
      staff: staff
    negate: false
    context_mapping:
      node: '@node.node_route_context:node'
